// !$*UTF8*$!
{
	archiveVersion = 1;
	classes = {
	};
	objectVersion = 56;
	objects = {

/* Begin PBXBuildFile section */
		5610A5B52CCC367700B138D3 /* APadlockNumbersApp.swift in Sources */ = {isa = PBXBuildFile; fileRef = 5610A5B42CCC367700B138D3 /* APadlockNumbersApp.swift */; };
		5610A5B72CCC367700B138D3 /* ContentView.swift in Sources */ = {isa = PBXBuildFile; fileRef = 5610A5B62CCC367700B138D3 /* ContentView.swift */; };
		5610A5B92CCC367D00B138D3 /* Assets.xcassets in Resources */ = {isa = PBXBuildFile; fileRef = 5610A5B82CCC367D00B138D3 /* Assets.xcassets */; };
		5610A5BC2CCC367D00B138D3 /* Preview Assets.xcassets in Resources */ = {isa = PBXBuildFile; fileRef = 5610A5BB2CCC367D00B138D3 /* Preview Assets.xcassets */; };
		5610A5C62CCC367E00B138D3 /* APadlockNumbersTests.swift in Sources */ = {isa = PBXBuildFile; fileRef = 5610A5C52CCC367E00B138D3 /* APadlockNumbersTests.swift */; };
		5610A5D02CCC367E00B138D3 /* APadlockNumbersUITests.swift in Sources */ = {isa = PBXBuildFile; fileRef = 5610A5CF2CCC367E00B138D3 /* APadlockNumbersUITests.swift */; };
		5610A5D22CCC367E00B138D3 /* APadlockNumbersUITestsLaunchTests.swift in Sources */ = {isa = PBXBuildFile; fileRef = 5610A5D12CCC367E00B138D3 /* APadlockNumbersUITestsLaunchTests.swift */; };
/* End PBXBuildFile section */

/* Begin PBXContainerItemProxy section */
		5610A5C22CCC367E00B138D3 /* PBXContainerItemProxy */ = {
			isa = PBXContainerItemProxy;
			containerPortal = 5610A5A92CCC367600B138D3 /* Project object */;
			proxyType = 1;
			remoteGlobalIDString = 5610A5B02CCC367600B138D3;
			remoteInfo = APadlockNumbers;
		};
		5610A5CC2CCC367E00B138D3 /* PBXContainerItemProxy */ = {
			isa = PBXContainerItemProxy;
			containerPortal = 5610A5A92CCC367600B138D3 /* Project object */;
			proxyType = 1;
			remoteGlobalIDString = 5610A5B02CCC367600B138D3;
			remoteInfo = APadlockNumbers;
		};
/* End PBXContainerItemProxy section */

/* Begin PBXFileReference section */
		5610A5B12CCC367600B138D3 /* APadlockNumbers.app */ = {isa = PBXFileReference; explicitFileType = wrapper.application; includeInIndex = 0; path = APadlockNumbers.app; sourceTree = BUILT_PRODUCTS_DIR; };
		5610A5B42CCC367700B138D3 /* APadlockNumbersApp.swift */ = {isa = PBXFileReference; lastKnownFileType = sourcecode.swift; path = APadlockNumbersApp.swift; sourceTree = "<group>"; };
		5610A5B62CCC367700B138D3 /* ContentView.swift */ = {isa = PBXFileReference; lastKnownFileType = sourcecode.swift; path = ContentView.swift; sourceTree = "<group>"; };
		5610A5B82CCC367D00B138D3 /* Assets.xcassets */ = {isa = PBXFileReference; lastKnownFileType = folder.assetcatalog; path = Assets.xcassets; sourceTree = "<group>"; };
		5610A5BB2CCC367D00B138D3 /* Preview Assets.xcassets */ = {isa = PBXFileReference; lastKnownFileType = folder.assetcatalog; path = "Preview Assets.xcassets"; sourceTree = "<group>"; };
		5610A5C12CCC367E00B138D3 /* APadlockNumbersTests.xctest */ = {isa = PBXFileReference; explicitFileType = wrapper.cfbundle; includeInIndex = 0; path = APadlockNumbersTests.xctest; sourceTree = BUILT_PRODUCTS_DIR; };
		5610A5C52CCC367E00B138D3 /* APadlockNumbersTests.swift */ = {isa = PBXFileReference; lastKnownFileType = sourcecode.swift; path = APadlockNumbersTests.swift; sourceTree = "<group>"; };
		5610A5CB2CCC367E00B138D3 /* APadlockNumbersUITests.xctest */ = {isa = PBXFileReference; explicitFileType = wrapper.cfbundle; includeInIndex = 0; path = APadlockNumbersUITests.xctest; sourceTree = BUILT_PRODUCTS_DIR; };
		5610A5CF2CCC367E00B138D3 /* APadlockNumbersUITests.swift */ = {isa = PBXFileReference; lastKnownFileType = sourcecode.swift; path = APadlockNumbersUITests.swift; sourceTree = "<group>"; };
		5610A5D12CCC367E00B138D3 /* APadlockNumbersUITestsLaunchTests.swift */ = {isa = PBXFileReference; lastKnownFileType = sourcecode.swift; path = APadlockNumbersUITestsLaunchTests.swift; sourceTree = "<group>"; };
/* End PBXFileReference section */

/* Begin PBXFrameworksBuildPhase section */
		5610A5AE2CCC367600B138D3 /* Frameworks */ = {
			isa = PBXFrameworksBuildPhase;
			buildActionMask = 2147483647;
			files = (
			);
			runOnlyForDeploymentPostprocessing = 0;
		};
		5610A5BE2CCC367E00B138D3 /* Frameworks */ = {
			isa = PBXFrameworksBuildPhase;
			buildActionMask = 2147483647;
			files = (
			);
			runOnlyForDeploymentPostprocessing = 0;
		};
		5610A5C82CCC367E00B138D3 /* Frameworks */ = {
			isa = PBXFrameworksBuildPhase;
			buildActionMask = 2147483647;
			files = (
			);
			runOnlyForDeploymentPostprocessing = 0;
		};
/* End PBXFrameworksBuildPhase section */

/* Begin PBXGroup section */
		5610A5A82CCC367600B138D3 = {
			isa = PBXGroup;
			children = (
				5610A5B32CCC367600B138D3 /* APadlockNumbers */,
				5610A5C42CCC367E00B138D3 /* APadlockNumbersTests */,
				5610A5CE2CCC367E00B138D3 /* APadlockNumbersUITests */,
				5610A5B22CCC367600B138D3 /* Products */,
			);
			sourceTree = "<group>";
		};
		5610A5B22CCC367600B138D3 /* Products */ = {
			isa = PBXGroup;
			children = (
				5610A5B12CCC367600B138D3 /* APadlockNumbers.app */,
				5610A5C12CCC367E00B138D3 /* APadlockNumbersTests.xctest */,
				5610A5CB2CCC367E00B138D3 /* APadlockNumbersUITests.xctest */,
			);
			name = Products;
			sourceTree = "<group>";
		};
		5610A5B32CCC367600B138D3 /* APadlockNumbers */ = {
			isa = PBXGroup;
			children = (
				5610A5B42CCC367700B138D3 /* APadlockNumbersApp.swift */,
				5610A5B62CCC367700B138D3 /* ContentView.swift */,
				5610A5B82CCC367D00B138D3 /* Assets.xcassets */,
				5610A5BA2CCC367D00B138D3 /* Preview Content */,
			);
			path = APadlockNumbers;
			sourceTree = "<group>";
		};
		5610A5BA2CCC367D00B138D3 /* Preview Content */ = {
			isa = PBXGroup;
			children = (
				5610A5BB2CCC367D00B138D3 /* Preview Assets.xcassets */,
			);
			path = "Preview Content";
			sourceTree = "<group>";
		};
		5610A5C42CCC367E00B138D3 /* APadlockNumbersTests */ = {
			isa = PBXGroup;
			children = (
				5610A5C52CCC367E00B138D3 /* APadlockNumbersTests.swift */,
			);
			path = APadlockNumbersTests;
			sourceTree = "<group>";
		};
		5610A5CE2CCC367E00B138D3 /* APadlockNumbersUITests */ = {
			isa = PBXGroup;
			children = (
				5610A5CF2CCC367E00B138D3 /* APadlockNumbersUITests.swift */,
				5610A5D12CCC367E00B138D3 /* APadlockNumbersUITestsLaunchTests.swift */,
			);
			path = APadlockNumbersUITests;
			sourceTree = "<group>";
		};
/* End PBXGroup section */

/* Begin PBXNativeTarget section */
		5610A5B02CCC367600B138D3 /* APadlockNumbers */ = {
			isa = PBXNativeTarget;
			buildConfigurationList = 5610A5D52CCC367E00B138D3 /* Build configuration list for PBXNativeTarget "APadlockNumbers" */;
			buildPhases = (
				5610A5AD2CCC367600B138D3 /* Sources */,
				5610A5AE2CCC367600B138D3 /* Frameworks */,
				5610A5AF2CCC367600B138D3 /* Resources */,
			);
			buildRules = (
			);
			dependencies = (
			);
			name = APadlockNumbers;
			productName = APadlockNumbers;
			productReference = 5610A5B12CCC367600B138D3 /* APadlockNumbers.app */;
			productType = "com.apple.product-type.application";
		};
		5610A5C02CCC367E00B138D3 /* APadlockNumbersTests */ = {
			isa = PBXNativeTarget;
			buildConfigurationList = 5610A5D82CCC367E00B138D3 /* Build configuration list for PBXNativeTarget "APadlockNumbersTests" */;
			buildPhases = (
				5610A5BD2CCC367E00B138D3 /* Sources */,
				5610A5BE2CCC367E00B138D3 /* Frameworks */,
				5610A5BF2CCC367E00B138D3 /* Resources */,
			);
			buildRules = (
			);
			dependencies = (
				5610A5C32CCC367E00B138D3 /* PBXTargetDependency */,
			);
			name = APadlockNumbersTests;
			productName = APadlockNumbersTests;
			productReference = 5610A5C12CCC367E00B138D3 /* APadlockNumbersTests.xctest */;
			productType = "com.apple.product-type.bundle.unit-test";
		};
		5610A5CA2CCC367E00B138D3 /* APadlockNumbersUITests */ = {
			isa = PBXNativeTarget;
			buildConfigurationList = 5610A5DB2CCC367E00B138D3 /* Build configuration list for PBXNativeTarget "APadlockNumbersUITests" */;
			buildPhases = (
				5610A5C72CCC367E00B138D3 /* Sources */,
				5610A5C82CCC367E00B138D3 /* Frameworks */,
				5610A5C92CCC367E00B138D3 /* Resources */,
			);
			buildRules = (
			);
			dependencies = (
				5610A5CD2CCC367E00B138D3 /* PBXTargetDependency */,
			);
			name = APadlockNumbersUITests;
			productName = APadlockNumbersUITests;
			productReference = 5610A5CB2CCC367E00B138D3 /* APadlockNumbersUITests.xctest */;
			productType = "com.apple.product-type.bundle.ui-testing";
		};
/* End PBXNativeTarget section */

/* Begin PBXProject section */
		5610A5A92CCC367600B138D3 /* Project object */ = {
			isa = PBXProject;
			attributes = {
				BuildIndependentTargetsInParallel = 1;
				LastSwiftUpdateCheck = 1520;
				LastUpgradeCheck = 1520;
				TargetAttributes = {
					5610A5B02CCC367600B138D3 = {
						CreatedOnToolsVersion = 15.2;
					};
					5610A5C02CCC367E00B138D3 = {
						CreatedOnToolsVersion = 15.2;
						TestTargetID = 5610A5B02CCC367600B138D3;
					};
					5610A5CA2CCC367E00B138D3 = {
						CreatedOnToolsVersion = 15.2;
						TestTargetID = 5610A5B02CCC367600B138D3;
					};
				};
			};
			buildConfigurationList = 5610A5AC2CCC367600B138D3 /* Build configuration list for PBXProject "APadlockNumbers" */;
			compatibilityVersion = "Xcode 14.0";
			developmentRegion = en;
			hasScannedForEncodings = 0;
			knownRegions = (
				en,
				Base,
			);
			mainGroup = 5610A5A82CCC367600B138D3;
			productRefGroup = 5610A5B22CCC367600B138D3 /* Products */;
			projectDirPath = "";
			projectRoot = "";
			targets = (
				5610A5B02CCC367600B138D3 /* APadlockNumbers */,
				5610A5C02CCC367E00B138D3 /* APadlockNumbersTests */,
				5610A5CA2CCC367E00B138D3 /* APadlockNumbersUITests */,
			);
		};
/* End PBXProject section */

/* Begin PBXResourcesBuildPhase section */
		5610A5AF2CCC367600B138D3 /* Resources */ = {
			isa = PBXResourcesBuildPhase;
			buildActionMask = 2147483647;
			files = (
				5610A5BC2CCC367D00B138D3 /* Preview Assets.xcassets in Resources */,
				5610A5B92CCC367D00B138D3 /* Assets.xcassets in Resources */,
			);
			runOnlyForDeploymentPostprocessing = 0;
		};
		5610A5BF2CCC367E00B138D3 /* Resources */ = {
			isa = PBXResourcesBuildPhase;
			buildActionMask = 2147483647;
			files = (
			);
			runOnlyForDeploymentPostprocessing = 0;
		};
		5610A5C92CCC367E00B138D3 /* Resources */ = {
			isa = PBXResourcesBuildPhase;
			buildActionMask = 2147483647;
			files = (
			);
			runOnlyForDeploymentPostprocessing = 0;
		};
/* End PBXResourcesBuildPhase section */

/* Begin PBXSourcesBuildPhase section */
		5610A5AD2CCC367600B138D3 /* Sources */ = {
			isa = PBXSourcesBuildPhase;
			buildActionMask = 2147483647;
			files = (
				5610A5B72CCC367700B138D3 /* ContentView.swift in Sources */,
				5610A5B52CCC367700B138D3 /* APadlockNumbersApp.swift in Sources */,
			);
			runOnlyForDeploymentPostprocessing = 0;
		};
		5610A5BD2CCC367E00B138D3 /* Sources */ = {
			isa = PBXSourcesBuildPhase;
			buildActionMask = 2147483647;
			files = (
				5610A5C62CCC367E00B138D3 /* APadlockNumbersTests.swift in Sources */,
			);
			runOnlyForDeploymentPostprocessing = 0;
		};
		5610A5C72CCC367E00B138D3 /* Sources */ = {
			isa = PBXSourcesBuildPhase;
			buildActionMask = 2147483647;
			files = (
				5610A5D22CCC367E00B138D3 /* APadlockNumbersUITestsLaunchTests.swift in Sources */,
				5610A5D02CCC367E00B138D3 /* APadlockNumbersUITests.swift in Sources */,
			);
			runOnlyForDeploymentPostprocessing = 0;
		};
/* End PBXSourcesBuildPhase section */

/* Begin PBXTargetDependency section */
		5610A5C32CCC367E00B138D3 /* PBXTargetDependency */ = {
			isa = PBXTargetDependency;
			target = 5610A5B02CCC367600B138D3 /* APadlockNumbers */;
			targetProxy = 5610A5C22CCC367E00B138D3 /* PBXContainerItemProxy */;
		};
		5610A5CD2CCC367E00B138D3 /* PBXTargetDependency */ = {
			isa = PBXTargetDependency;
			target = 5610A5B02CCC367600B138D3 /* APadlockNumbers */;
			targetProxy = 5610A5CC2CCC367E00B138D3 /* PBXContainerItemProxy */;
		};
/* End PBXTargetDependency section */

/* Begin XCBuildConfiguration section */
		5610A5D32CCC367E00B138D3 /* Debug */ = {
			isa = XCBuildConfiguration;
			buildSettings = {
				ALWAYS_SEARCH_USER_PATHS = NO;
				ASSETCATALOG_COMPILER_GENERATE_SWIFT_ASSET_SYMBOL_EXTENSIONS = YES;
				CLANG_ANALYZER_NONNULL = YES;
				CLANG_ANALYZER_NUMBER_OBJECT_CONVERSION = YES_AGGRESSIVE;
				CLANG_CXX_LANGUAGE_STANDARD = "gnu++20";
				CLANG_ENABLE_MODULES = YES;
				CLANG_ENABLE_OBJC_ARC = YES;
				CLANG_ENABLE_OBJC_WEAK = YES;
				CLANG_WARN_BLOCK_CAPTURE_AUTORELEASING = YES;
				CLANG_WARN_BOOL_CONVERSION = YES;
				CLANG_WARN_COMMA = YES;
				CLANG_WARN_CONSTANT_CONVERSION = YES;
				CLANG_WARN_DEPRECATED_OBJC_IMPLEMENTATIONS = YES;
				CLANG_WARN_DIRECT_OBJC_ISA_USAGE = YES_ERROR;
				CLANG_WARN_DOCUMENTATION_COMMENTS = YES;
				CLANG_WARN_EMPTY_BODY = YES;
				CLANG_WARN_ENUM_CONVERSION = YES;
				CLANG_WARN_INFINITE_RECURSION = YES;
				CLANG_WARN_INT_CONVERSION = YES;
				CLANG_WARN_NON_LITERAL_NULL_CONVERSION = YES;
				CLANG_WARN_OBJC_IMPLICIT_RETAIN_SELF = YES;
				CLANG_WARN_OBJC_LITERAL_CONVERSION = YES;
				CLANG_WARN_OBJC_ROOT_CLASS = YES_ERROR;
				CLANG_WARN_QUOTED_INCLUDE_IN_FRAMEWORK_HEADER = YES;
				CLANG_WARN_RANGE_LOOP_ANALYSIS = YES;
				CLANG_WARN_STRICT_PROTOTYPES = YES;
				CLANG_WARN_SUSPICIOUS_MOVE = YES;
				CLANG_WARN_UNGUARDED_AVAILABILITY = YES_AGGRESSIVE;
				CLANG_WARN_UNREACHABLE_CODE = YES;
				CLANG_WARN__DUPLICATE_METHOD_MATCH = YES;
				COPY_PHASE_STRIP = NO;
				DEBUG_INFORMATION_FORMAT = dwarf;
				ENABLE_STRICT_OBJC_MSGSEND = YES;
				ENABLE_TESTABILITY = YES;
				ENABLE_USER_SCRIPT_SANDBOXING = YES;
				GCC_C_LANGUAGE_STANDARD = gnu17;
				GCC_DYNAMIC_NO_PIC = NO;
				GCC_NO_COMMON_BLOCKS = YES;
				GCC_OPTIMIZATION_LEVEL = 0;
				GCC_PREPROCESSOR_DEFINITIONS = (
					"DEBUG=1",
					"$(inherited)",
				);
				GCC_WARN_64_TO_32_BIT_CONVERSION = YES;
				GCC_WARN_ABOUT_RETURN_TYPE = YES_ERROR;
				GCC_WARN_UNDECLARED_SELECTOR = YES;
				GCC_WARN_UNINITIALIZED_AUTOS = YES_AGGRESSIVE;
				GCC_WARN_UNUSED_FUNCTION = YES;
				GCC_WARN_UNUSED_VARIABLE = YES;
				IPHONEOS_DEPLOYMENT_TARGET = 17.2;
				LOCALIZATION_PREFERS_STRING_CATALOGS = YES;
				MTL_ENABLE_DEBUG_INFO = INCLUDE_SOURCE;
				MTL_FAST_MATH = YES;
				ONLY_ACTIVE_ARCH = YES;
				SDKROOT = iphoneos;
				SWIFT_ACTIVE_COMPILATION_CONDITIONS = "DEBUG $(inherited)";
				SWIFT_OPTIMIZATION_LEVEL = "-Onone";
			};
			name = Debug;
		};
		5610A5D42CCC367E00B138D3 /* Release */ = {
			isa = XCBuildConfiguration;
			buildSettings = {
				ALWAYS_SEARCH_USER_PATHS = NO;
				ASSETCATALOG_COMPILER_GENERATE_SWIFT_ASSET_SYMBOL_EXTENSIONS = YES;
				CLANG_ANALYZER_NONNULL = YES;
				CLANG_ANALYZER_NUMBER_OBJECT_CONVERSION = YES_AGGRESSIVE;
				CLANG_CXX_LANGUAGE_STANDARD = "gnu++20";
				CLANG_ENABLE_MODULES = YES;
				CLANG_ENABLE_OBJC_ARC = YES;
				CLANG_ENABLE_OBJC_WEAK = YES;
				CLANG_WARN_BLOCK_CAPTURE_AUTORELEASING = YES;
				CLANG_WARN_BOOL_CONVERSION = YES;
				CLANG_WARN_COMMA = YES;
				CLANG_WARN_CONSTANT_CONVERSION = YES;
				CLANG_WARN_DEPRECATED_OBJC_IMPLEMENTATIONS = YES;
				CLANG_WARN_DIRECT_OBJC_ISA_USAGE = YES_ERROR;
				CLANG_WARN_DOCUMENTATION_COMMENTS = YES;
				CLANG_WARN_EMPTY_BODY = YES;
				CLANG_WARN_ENUM_CONVERSION = YES;
				CLANG_WARN_INFINITE_RECURSION = YES;
				CLANG_WARN_INT_CONVERSION = YES;
				CLANG_WARN_NON_LITERAL_NULL_CONVERSION = YES;
				CLANG_WARN_OBJC_IMPLICIT_RETAIN_SELF = YES;
				CLANG_WARN_OBJC_LITERAL_CONVERSION = YES;
				CLANG_WARN_OBJC_ROOT_CLASS = YES_ERROR;
				CLANG_WARN_QUOTED_INCLUDE_IN_FRAMEWORK_HEADER = YES;
				CLANG_WARN_RANGE_LOOP_ANALYSIS = YES;
				CLANG_WARN_STRICT_PROTOTYPES = YES;
				CLANG_WARN_SUSPICIOUS_MOVE = YES;
				CLANG_WARN_UNGUARDED_AVAILABILITY = YES_AGGRESSIVE;
				CLANG_WARN_UNREACHABLE_CODE = YES;
				CLANG_WARN__DUPLICATE_METHOD_MATCH = YES;
				COPY_PHASE_STRIP = NO;
				DEBUG_INFORMATION_FORMAT = "dwarf-with-dsym";
				ENABLE_NS_ASSERTIONS = NO;
				ENABLE_STRICT_OBJC_MSGSEND = YES;
				ENABLE_USER_SCRIPT_SANDBOXING = YES;
				GCC_C_LANGUAGE_STANDARD = gnu17;
				GCC_NO_COMMON_BLOCKS = YES;
				GCC_WARN_64_TO_32_BIT_CONVERSION = YES;
				GCC_WARN_ABOUT_RETURN_TYPE = YES_ERROR;
				GCC_WARN_UNDECLARED_SELECTOR = YES;
				GCC_WARN_UNINITIALIZED_AUTOS = YES_AGGRESSIVE;
				GCC_WARN_UNUSED_FUNCTION = YES;
				GCC_WARN_UNUSED_VARIABLE = YES;
				IPHONEOS_DEPLOYMENT_TARGET = 17.2;
				LOCALIZATION_PREFERS_STRING_CATALOGS = YES;
				MTL_ENABLE_DEBUG_INFO = NO;
				MTL_FAST_MATH = YES;
				SDKROOT = iphoneos;
				SWIFT_COMPILATION_MODE = wholemodule;
				VALIDATE_PRODUCT = YES;
			};
			name = Release;
		};
		5610A5D62CCC367E00B138D3 /* Debug */ = {
			isa = XCBuildConfiguration;
			buildSettings = {
				ASSETCATALOG_COMPILER_APPICON_NAME = AppIcon;
				ASSETCATALOG_COMPILER_GLOBAL_ACCENT_COLOR_NAME = AccentColor;
				CODE_SIGN_STYLE = Automatic;
				CURRENT_PROJECT_VERSION = 1;
				DEVELOPMENT_ASSET_PATHS = "\"APadlockNumbers/Preview Content\"";
				DEVELOPMENT_TEAM = X39DYM9377;
				ENABLE_PREVIEWS = YES;
				GENERATE_INFOPLIST_FILE = YES;
				INFOPLIST_KEY_UIApplicationSceneManifest_Generation = YES;
				INFOPLIST_KEY_UIApplicationSupportsIndirectInputEvents = YES;
				INFOPLIST_KEY_UILaunchScreen_Generation = YES;
				INFOPLIST_KEY_UISupportedInterfaceOrientations_iPad = "UIInterfaceOrientationPortrait UIInterfaceOrientationPortraitUpsideDown UIInterfaceOrientationLandscapeLeft UIInterfaceOrientationLandscapeRight";
				INFOPLIST_KEY_UISupportedInterfaceOrientations_iPhone = "UIInterfaceOrientationPortrait UIInterfaceOrientationLandscapeLeft UIInterfaceOrientationLandscapeRight";
				LD_RUNPATH_SEARCH_PATHS = (
					"$(inherited)",
					"@executable_path/Frameworks",
				);
				MARKETING_VERSION = 1.0;
				PRODUCT_BUNDLE_IDENTIFIER = com.uzupis.APadlockNumbers.APadlockNumbers;
				PRODUCT_NAME = "$(TARGET_NAME)";
				SWIFT_EMIT_LOC_STRINGS = YES;
				SWIFT_VERSION = 5.0;
				TARGETED_DEVICE_FAMILY = "1,2";
			};
			name = Debug;
		};
		5610A5D72CCC367E00B138D3 /* Release */ = {
			isa = XCBuildConfiguration;
			buildSettings = {
				ASSETCATALOG_COMPILER_APPICON_NAME = AppIcon;
				ASSETCATALOG_COMPILER_GLOBAL_ACCENT_COLOR_NAME = AccentColor;
				CODE_SIGN_STYLE = Automatic;
				CURRENT_PROJECT_VERSION = 1;
				DEVELOPMENT_ASSET_PATHS = "\"APadlockNumbers/Preview Content\"";
				DEVELOPMENT_TEAM = X39DYM9377;
				ENABLE_PREVIEWS = YES;
				GENERATE_INFOPLIST_FILE = YES;
				INFOPLIST_KEY_UIApplicationSceneManifest_Generation = YES;
				INFOPLIST_KEY_UIApplicationSupportsIndirectInputEvents = YES;
				INFOPLIST_KEY_UILaunchScreen_Generation = YES;
				INFOPLIST_KEY_UISupportedInterfaceOrientations_iPad = "UIInterfaceOrientationPortrait UIInterfaceOrientationPortraitUpsideDown UIInterfaceOrientationLandscapeLeft UIInterfaceOrientationLandscapeRight";
				INFOPLIST_KEY_UISupportedInterfaceOrientations_iPhone = "UIInterfaceOrientationPortrait UIInterfaceOrientationLandscapeLeft UIInterfaceOrientationLandscapeRight";
				LD_RUNPATH_SEARCH_PATHS = (
					"$(inherited)",
					"@executable_path/Frameworks",
				);
				MARKETING_VERSION = 1.0;
				PRODUCT_BUNDLE_IDENTIFIER = com.uzupis.APadlockNumbers.APadlockNumbers;
				PRODUCT_NAME = "$(TARGET_NAME)";
				SWIFT_EMIT_LOC_STRINGS = YES;
				SWIFT_VERSION = 5.0;
				TARGETED_DEVICE_FAMILY = "1,2";
			};
			name = Release;
		};
		5610A5D92CCC367E00B138D3 /* Debug */ = {
			isa = XCBuildConfiguration;
			buildSettings = {
				ALWAYS_EMBED_SWIFT_STANDARD_LIBRARIES = YES;
				BUNDLE_LOADER = "$(TEST_HOST)";
				CODE_SIGN_STYLE = Automatic;
				CURRENT_PROJECT_VERSION = 1;
				DEVELOPMENT_TEAM = X39DYM9377;
				GENERATE_INFOPLIST_FILE = YES;
				IPHONEOS_DEPLOYMENT_TARGET = 17.2;
				MARKETING_VERSION = 1.0;
				PRODUCT_BUNDLE_IDENTIFIER = com.uzupis.APadlockNumbers.APadlockNumbersTests;
				PRODUCT_NAME = "$(TARGET_NAME)";
				SWIFT_EMIT_LOC_STRINGS = NO;
				SWIFT_VERSION = 5.0;
				TARGETED_DEVICE_FAMILY = "1,2";
				TEST_HOST = "$(BUILT_PRODUCTS_DIR)/APadlockNumbers.app/$(BUNDLE_EXECUTABLE_FOLDER_PATH)/APadlockNumbers";
			};
			name = Debug;
		};
		5610A5DA2CCC367E00B138D3 /* Release */ = {
			isa = XCBuildConfiguration;
			buildSettings = {
				ALWAYS_EMBED_SWIFT_STANDARD_LIBRARIES = YES;
				BUNDLE_LOADER = "$(TEST_HOST)";
				CODE_SIGN_STYLE = Automatic;
				CURRENT_PROJECT_VERSION = 1;
				DEVELOPMENT_TEAM = X39DYM9377;
				GENERATE_INFOPLIST_FILE = YES;
				IPHONEOS_DEPLOYMENT_TARGET = 17.2;
				MARKETING_VERSION = 1.0;
				PRODUCT_BUNDLE_IDENTIFIER = com.uzupis.APadlockNumbers.APadlockNumbersTests;
				PRODUCT_NAME = "$(TARGET_NAME)";
				SWIFT_EMIT_LOC_STRINGS = NO;
				SWIFT_VERSION = 5.0;
				TARGETED_DEVICE_FAMILY = "1,2";
				TEST_HOST = "$(BUILT_PRODUCTS_DIR)/APadlockNumbers.app/$(BUNDLE_EXECUTABLE_FOLDER_PATH)/APadlockNumbers";
			};
			name = Release;
		};
		5610A5DC2CCC367E00B138D3 /* Debug */ = {
			isa = XCBuildConfiguration;
			buildSettings = {
				ALWAYS_EMBED_SWIFT_STANDARD_LIBRARIES = YES;
				CODE_SIGN_STYLE = Automatic;
				CURRENT_PROJECT_VERSION = 1;
				DEVELOPMENT_TEAM = X39DYM9377;
				GENERATE_INFOPLIST_FILE = YES;
				MARKETING_VERSION = 1.0;
				PRODUCT_BUNDLE_IDENTIFIER = com.uzupis.APadlockNumbers.APadlockNumbersUITests;
				PRODUCT_NAME = "$(TARGET_NAME)";
				SWIFT_EMIT_LOC_STRINGS = NO;
				SWIFT_VERSION = 5.0;
				TARGETED_DEVICE_FAMILY = "1,2";
				TEST_TARGET_NAME = APadlockNumbers;
			};
			name = Debug;
		};
		5610A5DD2CCC367E00B138D3 /* Release */ = {
			isa = XCBuildConfiguration;
			buildSettings = {
				ALWAYS_EMBED_SWIFT_STANDARD_LIBRARIES = YES;
				CODE_SIGN_STYLE = Automatic;
				CURRENT_PROJECT_VERSION = 1;
				DEVELOPMENT_TEAM = X39DYM9377;
				GENERATE_INFOPLIST_FILE = YES;
				MARKETING_VERSION = 1.0;
				PRODUCT_BUNDLE_IDENTIFIER = com.uzupis.APadlockNumbers.APadlockNumbersUITests;
				PRODUCT_NAME = "$(TARGET_NAME)";
				SWIFT_EMIT_LOC_STRINGS = NO;
				SWIFT_VERSION = 5.0;
				TARGETED_DEVICE_FAMILY = "1,2";
				TEST_TARGET_NAME = APadlockNumbers;
			};
			name = Release;
		};
/* End XCBuildConfiguration section */

/* Begin XCConfigurationList section */
		5610A5AC2CCC367600B138D3 /* Build configuration list for PBXProject "APadlockNumbers" */ = {
			isa = XCConfigurationList;
			buildConfigurations = (
				5610A5D32CCC367E00B138D3 /* Debug */,
				5610A5D42CCC367E00B138D3 /* Release */,
			);
			defaultConfigurationIsVisible = 0;
			defaultConfigurationName = Release;
		};
		5610A5D52CCC367E00B138D3 /* Build configuration list for PBXNativeTarget "APadlockNumbers" */ = {
			isa = XCConfigurationList;
			buildConfigurations = (
				5610A5D62CCC367E00B138D3 /* Debug */,
				5610A5D72CCC367E00B138D3 /* Release */,
			);
			defaultConfigurationIsVisible = 0;
			defaultConfigurationName = Release;
		};
		5610A5D82CCC367E00B138D3 /* Build configuration list for PBXNativeTarget "APadlockNumbersTests" */ = {
			isa = XCConfigurationList;
			buildConfigurations = (
				5610A5D92CCC367E00B138D3 /* Debug */,
				5610A5DA2CCC367E00B138D3 /* Release */,
			);
			defaultConfigurationIsVisible = 0;
			defaultConfigurationName = Release;
		};
		5610A5DB2CCC367E00B138D3 /* Build configuration list for PBXNativeTarget "APadlockNumbersUITests" */ = {
			isa = XCConfigurationList;
			buildConfigurations = (
				5610A5DC2CCC367E00B138D3 /* Debug */,
				5610A5DD2CCC367E00B138D3 /* Release */,
			);
			defaultConfigurationIsVisible = 0;
			defaultConfigurationName = Release;
		};
/* End XCConfigurationList section */
	};
	rootObject = 5610A5A92CCC367600B138D3 /* Project object */;
}
